
Microsoft Visual Studio Solution File, Format Version 12.00
# Visual Studio Version 17
VisualStudioVersion = 17.11.35303.130
MinimumVisualStudioVersion = 10.0.40219.1
Project("{2150E333-8FDC-42A3-9474-1A3956D46DE8}") = "Applications", "Applications", "{F91B7C20-1EAE-4B02-AE3E-46B0B1C30B3A}"
EndProject
Project("{2150E333-8FDC-42A3-9474-1A3956D46DE8}") = "Libraries", "Libraries", "{18576552-F2D2-4714-A724-D9F444229617}"
EndProject
Project("{9A19103F-16F7-4668-BE54-9A1E7A4F7556}") = "SV21T1080007.Web", "SV21T1080007\SV21T1080007.Web.csproj", "{07549FD1-6363-428C-924C-13889B8602B6}"
EndProject
Project("{9A19103F-16F7-4668-BE54-9A1E7A4F7556}") = "SV21T1080007.DomainModels", "..\21T1080007\SV21T1080007.DomainModels\SV21T1080007.DomainModels.csproj", "{EF3EBCE6-2651-41FD-9183-AB324CBF2742}"
EndProject
Project("{9A19103F-16F7-4668-BE54-9A1E7A4F7556}") = "SV21T1080007.DataLayers", "SV21T1080007.DataLayers\SV21T1080007.DataLayers.csproj", "{E2FE23CE-CB2C-4E69-A19B-2C62CFF7315E}"
EndProject
Project("{9A19103F-16F7-4668-BE54-9A1E7A4F7556}") = "SV21T1080007.BusinessLayers", "SV21T1080007.BussinessLayers\SV21T1080007.BusinessLayers.csproj", "{09AAAA8A-D046-41D0-A121-1341D3D88EE4}"
EndProject
Project("{FAE04EC0-301F-11D3-BF4B-00C04F79EFBC}") = "SV21T1080007.Shop", "SV21T1080007.Shop\SV21T1080007.Shop.csproj", "{6572B187-42D4-4D37-A744-FB3E9FDEA320}"
EndProject
Global
	GlobalSection(SolutionConfigurationPlatforms) = preSolution
		Debug|Any CPU = Debug|Any CPU
		Release|Any CPU = Release|Any CPU
	EndGlobalSection
	GlobalSection(ProjectConfigurationPlatforms) = postSolution
		{07549FD1-6363-428C-924C-13889B8602B6}.Debug|Any CPU.ActiveCfg = Debug|Any CPU
		{07549FD1-6363-428C-924C-13889B8602B6}.Debug|Any CPU.Build.0 = Debug|Any CPU
		{07549FD1-6363-428C-924C-13889B8602B6}.Release|Any CPU.ActiveCfg = Release|Any CPU
		{07549FD1-6363-428C-924C-13889B8602B6}.Release|Any CPU.Build.0 = Release|Any CPU
		{EF3EBCE6-2651-41FD-9183-AB324CBF2742}.Debug|Any CPU.ActiveCfg = Debug|Any CPU
		{EF3EBCE6-2651-41FD-9183-AB324CBF2742}.Debug|Any CPU.Build.0 = Debug|Any CPU
		{EF3EBCE6-2651-41FD-9183-AB324CBF2742}.Release|Any CPU.ActiveCfg = Release|Any CPU
		{EF3EBCE6-2651-41FD-9183-AB324CBF2742}.Release|Any CPU.Build.0 = Release|Any CPU
		{E2FE23CE-CB2C-4E69-A19B-2C62CFF7315E}.Debug|Any CPU.ActiveCfg = Debug|Any CPU
		{E2FE23CE-CB2C-4E69-A19B-2C62CFF7315E}.Debug|Any CPU.Build.0 = Debug|Any CPU
		{E2FE23CE-CB2C-4E69-A19B-2C62CFF7315E}.Release|Any CPU.ActiveCfg = Release|Any CPU
		{E2FE23CE-CB2C-4E69-A19B-2C62CFF7315E}.Release|Any CPU.Build.0 = Release|Any CPU
		{09AAAA8A-D046-41D0-A121-1341D3D88EE4}.Debug|Any CPU.ActiveCfg = Debug|Any CPU
		{09AAAA8A-D046-41D0-A121-1341D3D88EE4}.Debug|Any CPU.Build.0 = Debug|Any CPU
		{09AAAA8A-D046-41D0-A121-1341D3D88EE4}.Release|Any CPU.ActiveCfg = Release|Any CPU
		{09AAAA8A-D046-41D0-A121-1341D3D88EE4}.Release|Any CPU.Build.0 = Release|Any CPU
		{6572B187-42D4-4D37-A744-FB3E9FDEA320}.Debug|Any CPU.ActiveCfg = Debug|Any CPU
		{6572B187-42D4-4D37-A744-FB3E9FDEA320}.Debug|Any CPU.Build.0 = Debug|Any CPU
		{6572B187-42D4-4D37-A744-FB3E9FDEA320}.Release|Any CPU.ActiveCfg = Release|Any CPU
		{6572B187-42D4-4D37-A744-FB3E9FDEA320}.Release|Any CPU.Build.0 = Release|Any CPU
	EndGlobalSection
	GlobalSection(SolutionProperties) = preSolution
		HideSolutionNode = FALSE
	EndGlobalSection
	GlobalSection(NestedProjects) = preSolution
		{07549FD1-6363-428C-924C-13889B8602B6} = {F91B7C20-1EAE-4B02-AE3E-46B0B1C30B3A}
		{EF3EBCE6-2651-41FD-9183-AB324CBF2742} = {18576552-F2D2-4714-A724-D9F444229617}
		{E2FE23CE-CB2C-4E69-A19B-2C62CFF7315E} = {18576552-F2D2-4714-A724-D9F444229617}
		{09AAAA8A-D046-41D0-A121-1341D3D88EE4} = {18576552-F2D2-4714-A724-D9F444229617}
		{6572B187-42D4-4D37-A744-FB3E9FDEA320} = {F91B7C20-1EAE-4B02-AE3E-46B0B1C30B3A}
	EndGlobalSection
	GlobalSection(ExtensibilityGlobals) = postSolution
		SolutionGuid = {15A9BBC8-A65E-49C6-A262-8E5540B2E0CC}
	EndGlobalSection
EndGlobal
